
Microsoft Visual Studio Solution File, Format Version 12.00
# Visual Studio Version 16
VisualStudioVersion = 16.0.32228.343
MinimumVisualStudioVersion = 10.0.40219.1
Project("{FAE04EC0-301F-11D3-BF4B-00C04F79EFBC}") = "AresTrainerV3", "AresTrainerV3\AresTrainerV3.csproj", "{08DEF1F2-5894-45A5-A5FE-35069B220715}"
EndProject
Global
	GlobalSection(SolutionConfigurationPlatforms) = preSolution
		Debug|Any CPU = Debug|Any CPU
		Release|Any CPU = Release|Any CPU
	EndGlobalSection
	GlobalSection(ProjectConfigurationPlatforms) = postSolution
		{08DEF1F2-5894-45A5-A5FE-35069B220715}.Debug|Any CPU.ActiveCfg = Debug|Any CPU
		{08DEF1F2-5894-45A5-A5FE-35069B220715}.Debug|Any CPU.Build.0 = Debug|Any CPU
		{08DEF1F2-5894-45A5-A5FE-35069B220715}.Release|Any CPU.ActiveCfg = Release|Any CPU
		{08DEF1F2-5894-45A5-A5FE-35069B220715}.Release|Any CPU.Build.0 = Release|Any CPU
	EndGlobalSection
	GlobalSection(SolutionProperties) = preSolution
		HideSolutionNode = FALSE
	EndGlobalSection
	GlobalSection(ExtensibilityGlobals) = postSolution
		SolutionGuid = {ACEE118E-6D83-41A6-B109-29DB83FC4508}
	EndGlobalSection
EndGlobal
